# @generated by Move, please check-in and do not edit manually.

[move]
version = 3
manifest_digest = "7ADB2261CB4B9910B3829C8637AF4A11719EA1BA29FF7C5FB3491DCB1E7DF02E"
deps_digest = "F8BBB0CCB2491CA29A3DF03D6F92277A4F3574266507ACD77214D37ECA3F3082"
dependencies = [
  { id = "Sui", name = "Sui" },
]

[[move.package]]
id = "MoveStdlib"
source = { git = "https://github.com/MystenLabs/sui.git", rev = "framework/testnet", subdir = "crates/sui-framework/packages/move-stdlib" }

[[move.package]]
id = "Sui"
source = { git = "https://github.com/MystenLabs/sui.git", rev = "framework/testnet", subdir = "crates/sui-framework/packages/sui-framework" }

dependencies = [
  { id = "MoveStdlib", name = "MoveStdlib" },
]

[move.toolchain-version]
compiler-version = "1.38.0"
edition = "2024.beta"
flavor = "sui"

[env]

[env.devnet]
chain-id = "663dca31"
original-published-id = "0xb84778be49acee859ba51f0ab070928d1174ed3f365ab939df3ea52313ef9d54"
latest-published-id = "0xb84778be49acee859ba51f0ab070928d1174ed3f365ab939df3ea52313ef9d54"
published-version = "1"
